
Microsoft Visual Studio Solution File, Format Version 12.00
# Visual Studio Version 16
VisualStudioVersion = 16.0.32002.261
MinimumVisualStudioVersion = 10.0.40219.1
Project("{FAE04EC0-301F-11D3-BF4B-00C04F79EFBC}") = "FoxHunt", "FoxHunt\FoxHunt.csproj", "{68E046AF-A87E-44B0-AC1F-725A3EDE9D96}"
EndProject
Global
	GlobalSection(SolutionConfigurationPlatforms) = preSolution
		Debug|Any CPU = Debug|Any CPU
		Release|Any CPU = Release|Any CPU
	EndGlobalSection
	GlobalSection(ProjectConfigurationPlatforms) = postSolution
		{68E046AF-A87E-44B0-AC1F-725A3EDE9D96}.Debug|Any CPU.ActiveCfg = Debug|Any CPU
		{68E046AF-A87E-44B0-AC1F-725A3EDE9D96}.Debug|Any CPU.Build.0 = Debug|Any CPU
		{68E046AF-A87E-44B0-AC1F-725A3EDE9D96}.Release|Any CPU.ActiveCfg = Release|Any CPU
		{68E046AF-A87E-44B0-AC1F-725A3EDE9D96}.Release|Any CPU.Build.0 = Release|Any CPU
	EndGlobalSection
	GlobalSection(SolutionProperties) = preSolution
		HideSolutionNode = FALSE
	EndGlobalSection
	GlobalSection(ExtensibilityGlobals) = postSolution
		SolutionGuid = {C0DAEC0E-123A-47ED-BDDB-780235068224}
	EndGlobalSection
EndGlobal
